
Microsoft Visual Studio Solution File, Format Version 12.00
# Visual Studio Version 16
VisualStudioVersion = 16.0.30717.126
MinimumVisualStudioVersion = 10.0.40219.1
Project("{9A19103F-16F7-4668-BE54-9A1E7A4F7556}") = "TMTXL", "TMTXL\TMTXL.csproj", "{3642A7AB-0EE1-4C00-B8EF-7B2BE53D9237}"
EndProject
Project("{9A19103F-16F7-4668-BE54-9A1E7A4F7556}") = "IsobaricAnalyzer", "..\PLV\IsobaricAnalyzer\IsobaricAnalyzer.csproj", "{69450F02-FBD2-4FB3-902F-81FD03470E91}"
EndProject
Project("{9A19103F-16F7-4668-BE54-9A1E7A4F7556}") = "PatternTools", "..\PLV\PatternTools\PatternTools.csproj", "{439A13FF-AD96-4520-BE2E-C3DBD6CE18D1}"
EndProject
Global
	GlobalSection(SolutionConfigurationPlatforms) = preSolution
		Debug|Any CPU = Debug|Any CPU
		Debug|x64 = Debug|x64
		Release|Any CPU = Release|Any CPU
		Release|x64 = Release|x64
	EndGlobalSection
	GlobalSection(ProjectConfigurationPlatforms) = postSolution
		{3642A7AB-0EE1-4C00-B8EF-7B2BE53D9237}.Debug|Any CPU.ActiveCfg = Debug|Any CPU
		{3642A7AB-0EE1-4C00-B8EF-7B2BE53D9237}.Debug|Any CPU.Build.0 = Debug|Any CPU
		{3642A7AB-0EE1-4C00-B8EF-7B2BE53D9237}.Debug|x64.ActiveCfg = Debug|Any CPU
		{3642A7AB-0EE1-4C00-B8EF-7B2BE53D9237}.Debug|x64.Build.0 = Debug|Any CPU
		{3642A7AB-0EE1-4C00-B8EF-7B2BE53D9237}.Release|Any CPU.ActiveCfg = Release|Any CPU
		{3642A7AB-0EE1-4C00-B8EF-7B2BE53D9237}.Release|Any CPU.Build.0 = Release|Any CPU
		{3642A7AB-0EE1-4C00-B8EF-7B2BE53D9237}.Release|x64.ActiveCfg = Release|Any CPU
		{3642A7AB-0EE1-4C00-B8EF-7B2BE53D9237}.Release|x64.Build.0 = Release|Any CPU
		{69450F02-FBD2-4FB3-902F-81FD03470E91}.Debug|Any CPU.ActiveCfg = Debug|Any CPU
		{69450F02-FBD2-4FB3-902F-81FD03470E91}.Debug|Any CPU.Build.0 = Debug|Any CPU
		{69450F02-FBD2-4FB3-902F-81FD03470E91}.Debug|x64.ActiveCfg = Debug|x64
		{69450F02-FBD2-4FB3-902F-81FD03470E91}.Debug|x64.Build.0 = Debug|x64
		{69450F02-FBD2-4FB3-902F-81FD03470E91}.Release|Any CPU.ActiveCfg = Release|Any CPU
		{69450F02-FBD2-4FB3-902F-81FD03470E91}.Release|Any CPU.Build.0 = Release|Any CPU
		{69450F02-FBD2-4FB3-902F-81FD03470E91}.Release|x64.ActiveCfg = Release|x64
		{69450F02-FBD2-4FB3-902F-81FD03470E91}.Release|x64.Build.0 = Release|x64
		{439A13FF-AD96-4520-BE2E-C3DBD6CE18D1}.Debug|Any CPU.ActiveCfg = Debug|Any CPU
		{439A13FF-AD96-4520-BE2E-C3DBD6CE18D1}.Debug|Any CPU.Build.0 = Debug|Any CPU
		{439A13FF-AD96-4520-BE2E-C3DBD6CE18D1}.Debug|x64.ActiveCfg = Debug|x64
		{439A13FF-AD96-4520-BE2E-C3DBD6CE18D1}.Debug|x64.Build.0 = Debug|x64
		{439A13FF-AD96-4520-BE2E-C3DBD6CE18D1}.Release|Any CPU.ActiveCfg = Release|Any CPU
		{439A13FF-AD96-4520-BE2E-C3DBD6CE18D1}.Release|Any CPU.Build.0 = Release|Any CPU
		{439A13FF-AD96-4520-BE2E-C3DBD6CE18D1}.Release|x64.ActiveCfg = Release|x64
		{439A13FF-AD96-4520-BE2E-C3DBD6CE18D1}.Release|x64.Build.0 = Release|x64
	EndGlobalSection
	GlobalSection(SolutionProperties) = preSolution
		HideSolutionNode = FALSE
	EndGlobalSection
	GlobalSection(ExtensibilityGlobals) = postSolution
		SolutionGuid = {2EDA56D5-8C4F-43E8-A28F-209AB6E9A64C}
	EndGlobalSection
EndGlobal
